
Microsoft Visual Studio Solution File, Format Version 12.00
# Visual Studio Version 17
VisualStudioVersion = 17.4.33213.308
MinimumVisualStudioVersion = 10.0.40219.1
Project("{FAE04EC0-301F-11D3-BF4B-00C04F79EFBC}") = "WindowsForms_for_lisp_3d_poli", "WindowsForms_for_lisp_3d_poli.csproj", "{445322FA-3D74-4BB3-8042-6DA5F1B3D584}"
EndProject
Global
	GlobalSection(SolutionConfigurationPlatforms) = preSolution
		Debug|Any CPU = Debug|Any CPU
		Release|Any CPU = Release|Any CPU
	EndGlobalSection
	GlobalSection(ProjectConfigurationPlatforms) = postSolution
		{445322FA-3D74-4BB3-8042-6DA5F1B3D584}.Debug|Any CPU.ActiveCfg = Debug|Any CPU
		{445322FA-3D74-4BB3-8042-6DA5F1B3D584}.Debug|Any CPU.Build.0 = Debug|Any CPU
		{445322FA-3D74-4BB3-8042-6DA5F1B3D584}.Release|Any CPU.ActiveCfg = Release|Any CPU
		{445322FA-3D74-4BB3-8042-6DA5F1B3D584}.Release|Any CPU.Build.0 = Release|Any CPU
	EndGlobalSection
	GlobalSection(SolutionProperties) = preSolution
		HideSolutionNode = FALSE
	EndGlobalSection
	GlobalSection(ExtensibilityGlobals) = postSolution
		SolutionGuid = {D4F80025-94B9-40D8-9657-419EB02D021D}
	EndGlobalSection
EndGlobal
